
Microsoft Visual Studio Solution File, Format Version 12.00
# Visual Studio 15
VisualStudioVersion = 15.0.28307.572
MinimumVisualStudioVersion = 10.0.40219.1
Project("{8BC9CEB8-8B4A-11D0-8D11-00A0C91BC942}") = "Octhread", "Octhread\Octhread.vcxproj", "{055B51D6-BB02-4D6D-9BD4-BF5199AF4B37}"
EndProject
Project("{8BC9CEB8-8B4A-11D0-8D11-00A0C91BC942}") = "ProceedOcthread", "ProceedOcthread\ProceedOcthread.vcxproj", "{B449DA95-33EC-4FD0-8A49-E908ACB1BEB9}"
	ProjectSection(ProjectDependencies) = postProject
		{055B51D6-BB02-4D6D-9BD4-BF5199AF4B37} = {055B51D6-BB02-4D6D-9BD4-BF5199AF4B37}
	EndProjectSection
EndProject
Project("{8BC9CEB8-8B4A-11D0-8D11-00A0C91BC942}") = "Filtering", "Filtering\Filtering.vcxproj", "{DA7C3031-C500-4B68-8C9E-DC8543B7952D}"
	ProjectSection(ProjectDependencies) = postProject
		{A3743295-7890-4FAA-971B-4C6F3E336BE5} = {A3743295-7890-4FAA-971B-4C6F3E336BE5}
		{B449DA95-33EC-4FD0-8A49-E908ACB1BEB9} = {B449DA95-33EC-4FD0-8A49-E908ACB1BEB9}
		{055B51D6-BB02-4D6D-9BD4-BF5199AF4B37} = {055B51D6-BB02-4D6D-9BD4-BF5199AF4B37}
	EndProjectSection
EndProject
Project("{8BC9CEB8-8B4A-11D0-8D11-00A0C91BC942}") = "FinishOcthread", "FinishOcthread\FinishOcthread.vcxproj", "{A3743295-7890-4FAA-971B-4C6F3E336BE5}"
	ProjectSection(ProjectDependencies) = postProject
		{B449DA95-33EC-4FD0-8A49-E908ACB1BEB9} = {B449DA95-33EC-4FD0-8A49-E908ACB1BEB9}
		{055B51D6-BB02-4D6D-9BD4-BF5199AF4B37} = {055B51D6-BB02-4D6D-9BD4-BF5199AF4B37}
	EndProjectSection
EndProject
Project("{8BC9CEB8-8B4A-11D0-8D11-00A0C91BC942}") = "RaFiltre-Ninja", "RaFiltre-Ninja\RaFiltre-Ninja.vcxproj", "{455E7E25-DDFF-483F-A457-C0E9093A5609}"
	ProjectSection(ProjectDependencies) = postProject
		{DA7C3031-C500-4B68-8C9E-DC8543B7952D} = {DA7C3031-C500-4B68-8C9E-DC8543B7952D}
		{A3743295-7890-4FAA-971B-4C6F3E336BE5} = {A3743295-7890-4FAA-971B-4C6F3E336BE5}
		{B449DA95-33EC-4FD0-8A49-E908ACB1BEB9} = {B449DA95-33EC-4FD0-8A49-E908ACB1BEB9}
		{055B51D6-BB02-4D6D-9BD4-BF5199AF4B37} = {055B51D6-BB02-4D6D-9BD4-BF5199AF4B37}
	EndProjectSection
EndProject
Project("{8BC9CEB8-8B4A-11D0-8D11-00A0C91BC942}") = "OutilsExterne-RafiltreNinja", "OutilsExterne-RafiltreNinja\OutilsExterne-RafiltreNinja.vcxproj", "{0ADC87F8-279A-450D-9913-FABB50A9612C}"
	ProjectSection(ProjectDependencies) = postProject
		{DA7C3031-C500-4B68-8C9E-DC8543B7952D} = {DA7C3031-C500-4B68-8C9E-DC8543B7952D}
		{A3743295-7890-4FAA-971B-4C6F3E336BE5} = {A3743295-7890-4FAA-971B-4C6F3E336BE5}
		{B449DA95-33EC-4FD0-8A49-E908ACB1BEB9} = {B449DA95-33EC-4FD0-8A49-E908ACB1BEB9}
		{055B51D6-BB02-4D6D-9BD4-BF5199AF4B37} = {055B51D6-BB02-4D6D-9BD4-BF5199AF4B37}
	EndProjectSection
EndProject
Global
	GlobalSection(SolutionConfigurationPlatforms) = preSolution
		Debug|x64 = Debug|x64
		Debug|x86 = Debug|x86
		Release|x64 = Release|x64
		Release|x86 = Release|x86
	EndGlobalSection
	GlobalSection(ProjectConfigurationPlatforms) = postSolution
		{055B51D6-BB02-4D6D-9BD4-BF5199AF4B37}.Debug|x64.ActiveCfg = Debug|x64
		{055B51D6-BB02-4D6D-9BD4-BF5199AF4B37}.Debug|x64.Build.0 = Debug|x64
		{055B51D6-BB02-4D6D-9BD4-BF5199AF4B37}.Debug|x86.ActiveCfg = Debug|Win32
		{055B51D6-BB02-4D6D-9BD4-BF5199AF4B37}.Debug|x86.Build.0 = Debug|Win32
		{055B51D6-BB02-4D6D-9BD4-BF5199AF4B37}.Release|x64.ActiveCfg = Release|x64
		{055B51D6-BB02-4D6D-9BD4-BF5199AF4B37}.Release|x64.Build.0 = Release|x64
		{055B51D6-BB02-4D6D-9BD4-BF5199AF4B37}.Release|x86.ActiveCfg = Release|Win32
		{055B51D6-BB02-4D6D-9BD4-BF5199AF4B37}.Release|x86.Build.0 = Release|Win32
		{B449DA95-33EC-4FD0-8A49-E908ACB1BEB9}.Debug|x64.ActiveCfg = Debug|x64
		{B449DA95-33EC-4FD0-8A49-E908ACB1BEB9}.Debug|x64.Build.0 = Debug|x64
		{B449DA95-33EC-4FD0-8A49-E908ACB1BEB9}.Debug|x86.ActiveCfg = Debug|Win32
		{B449DA95-33EC-4FD0-8A49-E908ACB1BEB9}.Debug|x86.Build.0 = Debug|Win32
		{B449DA95-33EC-4FD0-8A49-E908ACB1BEB9}.Release|x64.ActiveCfg = Release|x64
		{B449DA95-33EC-4FD0-8A49-E908ACB1BEB9}.Release|x64.Build.0 = Release|x64
		{B449DA95-33EC-4FD0-8A49-E908ACB1BEB9}.Release|x86.ActiveCfg = Release|Win32
		{B449DA95-33EC-4FD0-8A49-E908ACB1BEB9}.Release|x86.Build.0 = Release|Win32
		{DA7C3031-C500-4B68-8C9E-DC8543B7952D}.Debug|x64.ActiveCfg = Debug|x64
		{DA7C3031-C500-4B68-8C9E-DC8543B7952D}.Debug|x64.Build.0 = Debug|x64
		{DA7C3031-C500-4B68-8C9E-DC8543B7952D}.Debug|x86.ActiveCfg = Debug|Win32
		{DA7C3031-C500-4B68-8C9E-DC8543B7952D}.Debug|x86.Build.0 = Debug|Win32
		{DA7C3031-C500-4B68-8C9E-DC8543B7952D}.Release|x64.ActiveCfg = Release|x64
		{DA7C3031-C500-4B68-8C9E-DC8543B7952D}.Release|x64.Build.0 = Release|x64
		{DA7C3031-C500-4B68-8C9E-DC8543B7952D}.Release|x86.ActiveCfg = Release|Win32
		{DA7C3031-C500-4B68-8C9E-DC8543B7952D}.Release|x86.Build.0 = Release|Win32
		{A3743295-7890-4FAA-971B-4C6F3E336BE5}.Debug|x64.ActiveCfg = Debug|x64
		{A3743295-7890-4FAA-971B-4C6F3E336BE5}.Debug|x64.Build.0 = Debug|x64
		{A3743295-7890-4FAA-971B-4C6F3E336BE5}.Debug|x86.ActiveCfg = Debug|Win32
		{A3743295-7890-4FAA-971B-4C6F3E336BE5}.Debug|x86.Build.0 = Debug|Win32
		{A3743295-7890-4FAA-971B-4C6F3E336BE5}.Release|x64.ActiveCfg = Release|x64
		{A3743295-7890-4FAA-971B-4C6F3E336BE5}.Release|x64.Build.0 = Release|x64
		{A3743295-7890-4FAA-971B-4C6F3E336BE5}.Release|x86.ActiveCfg = Release|Win32
		{A3743295-7890-4FAA-971B-4C6F3E336BE5}.Release|x86.Build.0 = Release|Win32
		{455E7E25-DDFF-483F-A457-C0E9093A5609}.Debug|x64.ActiveCfg = Debug|x64
		{455E7E25-DDFF-483F-A457-C0E9093A5609}.Debug|x64.Build.0 = Debug|x64
		{455E7E25-DDFF-483F-A457-C0E9093A5609}.Debug|x86.ActiveCfg = Debug|Win32
		{455E7E25-DDFF-483F-A457-C0E9093A5609}.Debug|x86.Build.0 = Debug|Win32
		{455E7E25-DDFF-483F-A457-C0E9093A5609}.Release|x64.ActiveCfg = Release|x64
		{455E7E25-DDFF-483F-A457-C0E9093A5609}.Release|x64.Build.0 = Release|x64
		{455E7E25-DDFF-483F-A457-C0E9093A5609}.Release|x86.ActiveCfg = Release|Win32
		{455E7E25-DDFF-483F-A457-C0E9093A5609}.Release|x86.Build.0 = Release|Win32
		{0ADC87F8-279A-450D-9913-FABB50A9612C}.Debug|x64.ActiveCfg = Debug|x64
		{0ADC87F8-279A-450D-9913-FABB50A9612C}.Debug|x86.ActiveCfg = Debug|Win32
		{0ADC87F8-279A-450D-9913-FABB50A9612C}.Debug|x86.Build.0 = Debug|Win32
		{0ADC87F8-279A-450D-9913-FABB50A9612C}.Release|x64.ActiveCfg = Release|x64
		{0ADC87F8-279A-450D-9913-FABB50A9612C}.Release|x86.ActiveCfg = Release|Win32
		{0ADC87F8-279A-450D-9913-FABB50A9612C}.Release|x86.Build.0 = Release|Win32
	EndGlobalSection
	GlobalSection(SolutionProperties) = preSolution
		HideSolutionNode = FALSE
	EndGlobalSection
	GlobalSection(ExtensibilityGlobals) = postSolution
		SolutionGuid = {9F48A050-D593-4E14-BD77-00AD45F04151}
	EndGlobalSection
EndGlobal
