<?xml version="1.0" encoding="utf-8"?>
<Project ToolsVersion="4.0" xmlns="http://schemas.microsoft.com/developer/msbuild/2003">
  <ItemGroup>
    <Filter Include="Source Files">
      <UniqueIdentifier>{4FC737F1-C7A5-4376-A066-2A32D752A2FF}</UniqueIdentifier>
      <Extensions>cpp;c;cc;cxx;def;odl;idl;hpj;bat;asm;asmx</Extensions>
    </Filter>
    <Filter Include="Header Files">
      <UniqueIdentifier>{93995380-89BD-4b04-88EB-625FBE52EBFB}</UniqueIdentifier>
      <Extensions>h;hh;hpp;hxx;hm;inl;inc;ipp;xsd</Extensions>
    </Filter>
    <Filter Include="Resource Files">
      <UniqueIdentifier>{67DA6AB6-F800-4c08-8B7A-83BB121AAD01}</UniqueIdentifier>
      <Extensions>rc;ico;cur;bmp;dlg;rc2;rct;bin;rgs;gif;jpg;jpeg;jpe;resx;tiff;tif;png;wav;mfcribbon-ms</Extensions>
    </Filter>
    <Filter Include="SavableFiles">
      <UniqueIdentifier>{5caba758-0f01-41aa-8e1f-db625bfb373e}</UniqueIdentifier>
    </Filter>
    <Filter Include="SavableFiles\Header Files">
      <UniqueIdentifier>{122d8130-ba55-4e55-99dd-88423eb73cb6}</UniqueIdentifier>
    </Filter>
    <Filter Include="SavableFiles\Source Files">
      <UniqueIdentifier>{d32e7b9b-0003-4b4d-b9e1-13e625f3a848}</UniqueIdentifier>
    </Filter>
  </ItemGroup>
  <ItemGroup>
    <ClInclude Include="SavableFile.h">
      <Filter>SavableFiles\Header Files</Filter>
    </ClInclude>
    <ClInclude Include="SaveE57.h">
      <Filter>SavableFiles\Header Files</Filter>
    </ClInclude>
    <ClInclude Include="SaveFactor.hpp">
      <Filter>SavableFiles\Header Files</Filter>
    </ClInclude>
    <ClInclude Include="..\Octhreade57\E57Foundation.h">
      <Filter>Header Files</Filter>
    </ClInclude>
    <ClInclude Include="..\Octhreade57\E57Simple.h">
      <Filter>Header Files</Filter>
    </ClInclude>
    <ClInclude Include="..\Octhreade57\E57SimpleImpl.h">
      <Filter>Header Files</Filter>
    </ClInclude>
    <ClInclude Include="..\Octhreade57\time_conversion.h">
      <Filter>Header Files</Filter>
    </ClInclude>
    <ClInclude Include="SavePTS.h">
      <Filter>SavableFiles\Header Files</Filter>
    </ClInclude>
    <ClInclude Include="SaveLAS.h">
      <Filter>SavableFiles\Header Files</Filter>
    </ClInclude>
    <ClInclude Include="SavePTX.h">
      <Filter>SavableFiles\Header Files</Filter>
    </ClInclude>
  </ItemGroup>
  <ItemGroup>
    <ClCompile Include="SavableFile.cpp">
      <Filter>SavableFiles\Source Files</Filter>
    </ClCompile>
    <ClCompile Include="SaveE57.cpp">
      <Filter>SavableFiles\Source Files</Filter>
    </ClCompile>
    <ClCompile Include="..\Octhreade57\E57Simple.cpp">
      <Filter>Source Files</Filter>
    </ClCompile>
    <ClCompile Include="..\Octhreade57\time_conversion.c">
      <Filter>Source Files</Filter>
    </ClCompile>
    <ClCompile Include="SavePTS.cpp">
      <Filter>SavableFiles\Source Files</Filter>
    </ClCompile>
    <ClCompile Include="SaveLAS.cpp">
      <Filter>SavableFiles\Source Files</Filter>
    </ClCompile>
    <ClCompile Include="..\Octhreade57\E57SimpleImpl.cpp">
      <Filter>Source Files</Filter>
    </ClCompile>
    <ClCompile Include="Source.cpp">
      <Filter>SavableFiles\Source Files</Filter>
    </ClCompile>
    <ClCompile Include="SavePTX.cpp">
      <Filter>SavableFiles\Source Files</Filter>
    </ClCompile>
  </ItemGroup>
</Project>